
Microsoft Visual Studio Solution File, Format Version 12.00
# Visual Studio Version 17
VisualStudioVersion = 17.8.34330.188
MinimumVisualStudioVersion = 10.0.40219.1
Project("{FAE04EC0-301F-11D3-BF4B-00C04F79EFBC}") = "QlSach", "QlSach\QlSach.csproj", "{418155D9-34CB-4A82-B619-ACC77904BC93}"
EndProject
Global
	GlobalSection(SolutionConfigurationPlatforms) = preSolution
		Debug|Any CPU = Debug|Any CPU
		Release|Any CPU = Release|Any CPU
	EndGlobalSection
	GlobalSection(ProjectConfigurationPlatforms) = postSolution
		{418155D9-34CB-4A82-B619-ACC77904BC93}.Debug|Any CPU.ActiveCfg = Debug|Any CPU
		{418155D9-34CB-4A82-B619-ACC77904BC93}.Debug|Any CPU.Build.0 = Debug|Any CPU
		{418155D9-34CB-4A82-B619-ACC77904BC93}.Release|Any CPU.ActiveCfg = Release|Any CPU
		{418155D9-34CB-4A82-B619-ACC77904BC93}.Release|Any CPU.Build.0 = Release|Any CPU
	EndGlobalSection
	GlobalSection(SolutionProperties) = preSolution
		HideSolutionNode = FALSE
	EndGlobalSection
	GlobalSection(ExtensibilityGlobals) = postSolution
		SolutionGuid = {56277CDD-E866-4B3B-9379-B57332869716}
	EndGlobalSection
EndGlobal
